<?xml version="1.0" encoding="utf-8"?>
<Project ToolsVersion="4.0" xmlns="http://schemas.microsoft.com/developer/msbuild/2003">
  <ItemGroup>
    <Filter Include="Source Files">
      <UniqueIdentifier>{4FC737F1-C7A5-4376-A066-2A32D752A2FF}</UniqueIdentifier>
      <Extensions>cpp;c;cc;cxx;c++;cppm;ixx;def;odl;idl;hpj;bat;asm;asmx</Extensions>
    </Filter>
    <Filter Include="Header Files">
      <UniqueIdentifier>{93995380-89BD-4b04-88EB-625FBE52EBFB}</UniqueIdentifier>
      <Extensions>h;hh;hpp;hxx;h++;hm;inl;inc;ipp;xsd</Extensions>
    </Filter>
    <Filter Include="Resource Files">
      <UniqueIdentifier>{67DA6AB6-F800-4c08-8B7A-83BB121AAD01}</UniqueIdentifier>
      <Extensions>rc;ico;cur;bmp;dlg;rc2;rct;bin;rgs;gif;jpg;jpeg;jpe;resx;tiff;tif;png;wav;mfcribbon-ms</Extensions>
    </Filter>
  </ItemGroup>
  <ItemGroup>
    <ClCompile Include="src\game-engine\ui\Button.cpp">
      <Filter>Source Files</Filter>
    </ClCompile>
    <ClCompile Include="src\game-engine\ui\GameScreen.cpp">
      <Filter>Source Files</Filter>
    </ClCompile>
    <ClCompile Include="src\game-engine\ui\Nestable.cpp">
      <Filter>Source Files</Filter>
    </ClCompile>
    <ClCompile Include="src\game-engine\ui\Screen.cpp">
      <Filter>Source Files</Filter>
    </ClCompile>
    <ClCompile Include="src\game-engine\ui\Text.cpp">
      <Filter>Source Files</Filter>
    </ClCompile>
    <ClCompile Include="src\game-engine\ui\textGenerator.cpp">
      <Filter>Source Files</Filter>
    </ClCompile>
    <ClCompile Include="src\game-engine\ui\TextInput.cpp">
      <Filter>Source Files</Filter>
    </ClCompile>
    <ClCompile Include="src\game-engine\ui\UiElement.cpp">
      <Filter>Source Files</Filter>
    </ClCompile>
    <ClCompile Include="src\game-engine\ui\View.cpp">
      <Filter>Source Files</Filter>
    </ClCompile>
    <ClCompile Include="src\game-engine\ui\window.cpp">
      <Filter>Source Files</Filter>
    </ClCompile>
    <ClCompile Include="src\game-engine\AnimatedTexture.cpp">
      <Filter>Source Files</Filter>
    </ClCompile>
    <ClCompile Include="src\game-engine\Camera.cpp">
      <Filter>Source Files</Filter>
    </ClCompile>
    <ClCompile Include="src\game-engine\ColorSquare.cpp">
      <Filter>Source Files</Filter>
    </ClCompile>
    <ClCompile Include="src\game-engine\InteractableWorldObject.cpp">
      <Filter>Source Files</Filter>
    </ClCompile>
    <ClCompile Include="src\game-engine\Player.cpp">
      <Filter>Source Files</Filter>
    </ClCompile>
    <ClCompile Include="src\game-engine\Polygon.cpp">
      <Filter>Source Files</Filter>
    </ClCompile>
    <ClCompile Include="src\game-engine\PolyTexture.cpp">
      <Filter>Source Files</Filter>
    </ClCompile>
    <ClCompile Include="src\game-engine\Positioned.cpp">
      <Filter>Source Files</Filter>
    </ClCompile>
    <ClCompile Include="src\game-engine\Rectangle.cpp">
      <Filter>Source Files</Filter>
    </ClCompile>
    <ClCompile Include="src\game-engine\Sized.cpp">
      <Filter>Source Files</Filter>
    </ClCompile>
    <ClCompile Include="src\game-engine\Texturable.cpp">
      <Filter>Source Files</Filter>
    </ClCompile>
    <ClCompile Include="src\game-engine\Texture.cpp">
      <Filter>Source Files</Filter>
    </ClCompile>
    <ClCompile Include="src\game-engine\types.cpp">
      <Filter>Source Files</Filter>
    </ClCompile>
    <ClCompile Include="src\game-engine\World.cpp">
      <Filter>Source Files</Filter>
    </ClCompile>
    <ClCompile Include="src\game-engine\WorldObject.cpp">
      <Filter>Source Files</Filter>
    </ClCompile>
    <ClCompile Include="src\main.cpp">
      <Filter>Source Files</Filter>
    </ClCompile>
  </ItemGroup>
  <ItemGroup>
    <ClInclude Include="src\game-engine\ui\textGenerator.h">
      <Filter>Header Files</Filter>
    </ClInclude>
    <ClInclude Include="src\game-engine\ui\uiHeader.h">
      <Filter>Header Files</Filter>
    </ClInclude>
    <ClInclude Include="src\game-engine\world-objs\worldObjs.h">
      <Filter>Header Files</Filter>
    </ClInclude>
    <ClInclude Include="src\game-engine\AnimatedTexture.h">
      <Filter>Header Files</Filter>
    </ClInclude>
    <ClInclude Include="src\game-engine\Camera.h">
      <Filter>Header Files</Filter>
    </ClInclude>
    <ClInclude Include="src\game-engine\ColorSquare.h">
      <Filter>Header Files</Filter>
    </ClInclude>
    <ClInclude Include="src\game-engine\InteractableWorldObject.h">
      <Filter>Header Files</Filter>
    </ClInclude>
    <ClInclude Include="src\game-engine\Player.h">
      <Filter>Header Files</Filter>
    </ClInclude>
    <ClInclude Include="src\game-engine\Polygon.h">
      <Filter>Header Files</Filter>
    </ClInclude>
    <ClInclude Include="src\game-engine\PolyTexture.h">
      <Filter>Header Files</Filter>
    </ClInclude>
    <ClInclude Include="src\game-engine\Positioned.h">
      <Filter>Header Files</Filter>
    </ClInclude>
    <ClInclude Include="src\game-engine\Rectangle.h">
      <Filter>Header Files</Filter>
    </ClInclude>
    <ClInclude Include="src\game-engine\Sized.h">
      <Filter>Header Files</Filter>
    </ClInclude>
    <ClInclude Include="src\game-engine\Texturable.h">
      <Filter>Header Files</Filter>
    </ClInclude>
    <ClInclude Include="src\game-engine\Texture.h">
      <Filter>Header Files</Filter>
    </ClInclude>
    <ClInclude Include="src\game-engine\types.h">
      <Filter>Header Files</Filter>
    </ClInclude>
    <ClInclude Include="src\game-engine\World.h">
      <Filter>Header Files</Filter>
    </ClInclude>
    <ClInclude Include="src\game-engine\WorldObject.h">
      <Filter>Header Files</Filter>
    </ClInclude>
  </ItemGroup>
</Project>